
Microsoft Visual Studio Solution File, Format Version 12.00
# Visual Studio Version 16
VisualStudioVersion = 16.0.30907.101
MinimumVisualStudioVersion = 10.0.40219.1
Project("{FAE04EC0-301F-11D3-BF4B-00C04F79EFBC}") = "LaunchService", "LaunchService\LaunchService.csproj", "{B56C94BE-9032-4A55-AE51-B966EFE16B62}"
EndProject
Global
	GlobalSection(SolutionConfigurationPlatforms) = preSolution
		Debug|Any CPU = Debug|Any CPU
		Release|Any CPU = Release|Any CPU
	EndGlobalSection
	GlobalSection(ProjectConfigurationPlatforms) = postSolution
		{B56C94BE-9032-4A55-AE51-B966EFE16B62}.Debug|Any CPU.ActiveCfg = Debug|Any CPU
		{B56C94BE-9032-4A55-AE51-B966EFE16B62}.Debug|Any CPU.Build.0 = Debug|Any CPU
		{B56C94BE-9032-4A55-AE51-B966EFE16B62}.Release|Any CPU.ActiveCfg = Release|Any CPU
		{B56C94BE-9032-4A55-AE51-B966EFE16B62}.Release|Any CPU.Build.0 = Release|Any CPU
	EndGlobalSection
	GlobalSection(SolutionProperties) = preSolution
		HideSolutionNode = FALSE
	EndGlobalSection
	GlobalSection(ExtensibilityGlobals) = postSolution
		SolutionGuid = {8BF5D501-2583-40BE-8DD5-E33CCB1F0319}
	EndGlobalSection
EndGlobal
